
Microsoft Visual Studio Solution File, Format Version 12.00
# Visual Studio Version 18
VisualStudioVersion = 18.0.11222.15
MinimumVisualStudioVersion = 10.0.40219.1
Project("{FAE04EC0-301F-11D3-BF4B-00C04F79EFBC}") = "Miku", "Miku\Miku.csproj", "{109FFFB6-9F34-455D-8E59-2F1FC88036A4}"
EndProject
Project("{FAE04EC0-301F-11D3-BF4B-00C04F79EFBC}") = "Miku.Utils", "Miku.Utils\Miku.Utils.csproj", "{3EE5C8F4-746B-42B1-A826-D32381A2AD17}"
EndProject
Project("{FAE04EC0-301F-11D3-BF4B-00C04F79EFBC}") = "Miku.Logger", "Miku.Logger\Miku.Logger.csproj", "{D09A0767-74FF-4619-8D0B-08FD90474416}"
EndProject
Project("{FAE04EC0-301F-11D3-BF4B-00C04F79EFBC}") = "Miku.Utils.Tests", "Miku.Utils.Tests\Miku.Utils.Tests.csproj", "{79A699A4-FEF5-435C-98B6-26379FF7146D}"
EndProject
Project("{FAE04EC0-301F-11D3-BF4B-00C04F79EFBC}") = "Miku.Logger.Tests", "Miku.Logger.Tests\Miku.Logger.Tests.csproj", "{DFC6674E-498C-4270-BDAD-D258319D0F6C}"
EndProject
Project("{FAE04EC0-301F-11D3-BF4B-00C04F79EFBC}") = "Miku.Tests", "Miku.Tests\Miku.Tests.csproj", "{1D270698-2698-42FF-AD7B-9FC4D1062705}"
EndProject
Project("{FAE04EC0-301F-11D3-BF4B-00C04F79EFBC}") = "MikuConsoleAndLogger.Preview", "MikuConsoleAndLogger.Preview\MikuConsoleAndLogger.Preview.csproj", "{BC373CDF-AEC8-4394-B3B5-77DB7BD8744F}"
EndProject
Project("{FAE04EC0-301F-11D3-BF4B-00C04F79EFBC}") = "Miku.Core", "Miku.Core\Miku.Core.csproj", "{B031E11D-68B1-41E7-8D03-67994CDA9F60}"
EndProject
Project("{FAE04EC0-301F-11D3-BF4B-00C04F79EFBC}") = "MikuLib.Console", "MikuLib.Console\MikuLib.Console.csproj", "{F3DA4AD4-888C-43FD-B505-8244B2D02836}"
EndProject
Project("{FAE04EC0-301F-11D3-BF4B-00C04F79EFBC}") = "MikuLib.Console.Tests", "MikuLib.Console.Tests\MikuLib.Console.Tests.csproj", "{32D21504-AA43-9D44-2313-78A15133DB24}"
EndProject
Global
	GlobalSection(SolutionConfigurationPlatforms) = preSolution
		Debug|Any CPU = Debug|Any CPU
		Debug|x64 = Debug|x64
		Debug|x86 = Debug|x86
		Release|Any CPU = Release|Any CPU
		Release|x64 = Release|x64
		Release|x86 = Release|x86
	EndGlobalSection
	GlobalSection(ProjectConfigurationPlatforms) = postSolution
		{109FFFB6-9F34-455D-8E59-2F1FC88036A4}.Debug|Any CPU.ActiveCfg = Debug|Any CPU
		{109FFFB6-9F34-455D-8E59-2F1FC88036A4}.Debug|Any CPU.Build.0 = Debug|Any CPU
		{109FFFB6-9F34-455D-8E59-2F1FC88036A4}.Debug|x64.ActiveCfg = Debug|Any CPU
		{109FFFB6-9F34-455D-8E59-2F1FC88036A4}.Debug|x64.Build.0 = Debug|Any CPU
		{109FFFB6-9F34-455D-8E59-2F1FC88036A4}.Debug|x86.ActiveCfg = Debug|Any CPU
		{109FFFB6-9F34-455D-8E59-2F1FC88036A4}.Debug|x86.Build.0 = Debug|Any CPU
		{109FFFB6-9F34-455D-8E59-2F1FC88036A4}.Release|Any CPU.ActiveCfg = Release|Any CPU
		{109FFFB6-9F34-455D-8E59-2F1FC88036A4}.Release|Any CPU.Build.0 = Release|Any CPU
		{109FFFB6-9F34-455D-8E59-2F1FC88036A4}.Release|x64.ActiveCfg = Release|Any CPU
		{109FFFB6-9F34-455D-8E59-2F1FC88036A4}.Release|x64.Build.0 = Release|Any CPU
		{109FFFB6-9F34-455D-8E59-2F1FC88036A4}.Release|x86.ActiveCfg = Release|Any CPU
		{109FFFB6-9F34-455D-8E59-2F1FC88036A4}.Release|x86.Build.0 = Release|Any CPU
		{3EE5C8F4-746B-42B1-A826-D32381A2AD17}.Debug|Any CPU.ActiveCfg = Debug|Any CPU
		{3EE5C8F4-746B-42B1-A826-D32381A2AD17}.Debug|Any CPU.Build.0 = Debug|Any CPU
		{3EE5C8F4-746B-42B1-A826-D32381A2AD17}.Debug|x64.ActiveCfg = Debug|Any CPU
		{3EE5C8F4-746B-42B1-A826-D32381A2AD17}.Debug|x64.Build.0 = Debug|Any CPU
		{3EE5C8F4-746B-42B1-A826-D32381A2AD17}.Debug|x86.ActiveCfg = Debug|Any CPU
		{3EE5C8F4-746B-42B1-A826-D32381A2AD17}.Debug|x86.Build.0 = Debug|Any CPU
		{3EE5C8F4-746B-42B1-A826-D32381A2AD17}.Release|Any CPU.ActiveCfg = Release|Any CPU
		{3EE5C8F4-746B-42B1-A826-D32381A2AD17}.Release|Any CPU.Build.0 = Release|Any CPU
		{3EE5C8F4-746B-42B1-A826-D32381A2AD17}.Release|x64.ActiveCfg = Release|Any CPU
		{3EE5C8F4-746B-42B1-A826-D32381A2AD17}.Release|x64.Build.0 = Release|Any CPU
		{3EE5C8F4-746B-42B1-A826-D32381A2AD17}.Release|x86.ActiveCfg = Release|Any CPU
		{3EE5C8F4-746B-42B1-A826-D32381A2AD17}.Release|x86.Build.0 = Release|Any CPU
		{D09A0767-74FF-4619-8D0B-08FD90474416}.Debug|Any CPU.ActiveCfg = Debug|Any CPU
		{D09A0767-74FF-4619-8D0B-08FD90474416}.Debug|Any CPU.Build.0 = Debug|Any CPU
		{D09A0767-74FF-4619-8D0B-08FD90474416}.Debug|x64.ActiveCfg = Debug|Any CPU
		{D09A0767-74FF-4619-8D0B-08FD90474416}.Debug|x64.Build.0 = Debug|Any CPU
		{D09A0767-74FF-4619-8D0B-08FD90474416}.Debug|x86.ActiveCfg = Debug|Any CPU
		{D09A0767-74FF-4619-8D0B-08FD90474416}.Debug|x86.Build.0 = Debug|Any CPU
		{D09A0767-74FF-4619-8D0B-08FD90474416}.Release|Any CPU.ActiveCfg = Release|Any CPU
		{D09A0767-74FF-4619-8D0B-08FD90474416}.Release|Any CPU.Build.0 = Release|Any CPU
		{D09A0767-74FF-4619-8D0B-08FD90474416}.Release|x64.ActiveCfg = Release|Any CPU
		{D09A0767-74FF-4619-8D0B-08FD90474416}.Release|x64.Build.0 = Release|Any CPU
		{D09A0767-74FF-4619-8D0B-08FD90474416}.Release|x86.ActiveCfg = Release|Any CPU
		{D09A0767-74FF-4619-8D0B-08FD90474416}.Release|x86.Build.0 = Release|Any CPU
		{79A699A4-FEF5-435C-98B6-26379FF7146D}.Debug|Any CPU.ActiveCfg = Debug|Any CPU
		{79A699A4-FEF5-435C-98B6-26379FF7146D}.Debug|Any CPU.Build.0 = Debug|Any CPU
		{79A699A4-FEF5-435C-98B6-26379FF7146D}.Debug|x64.ActiveCfg = Debug|Any CPU
		{79A699A4-FEF5-435C-98B6-26379FF7146D}.Debug|x64.Build.0 = Debug|Any CPU
		{79A699A4-FEF5-435C-98B6-26379FF7146D}.Debug|x86.ActiveCfg = Debug|Any CPU
		{79A699A4-FEF5-435C-98B6-26379FF7146D}.Debug|x86.Build.0 = Debug|Any CPU
		{79A699A4-FEF5-435C-98B6-26379FF7146D}.Release|Any CPU.ActiveCfg = Release|Any CPU
		{79A699A4-FEF5-435C-98B6-26379FF7146D}.Release|Any CPU.Build.0 = Release|Any CPU
		{79A699A4-FEF5-435C-98B6-26379FF7146D}.Release|x64.ActiveCfg = Release|Any CPU
		{79A699A4-FEF5-435C-98B6-26379FF7146D}.Release|x64.Build.0 = Release|Any CPU
		{79A699A4-FEF5-435C-98B6-26379FF7146D}.Release|x86.ActiveCfg = Release|Any CPU
		{79A699A4-FEF5-435C-98B6-26379FF7146D}.Release|x86.Build.0 = Release|Any CPU
		{DFC6674E-498C-4270-BDAD-D258319D0F6C}.Debug|Any CPU.ActiveCfg = Debug|Any CPU
		{DFC6674E-498C-4270-BDAD-D258319D0F6C}.Debug|Any CPU.Build.0 = Debug|Any CPU
		{DFC6674E-498C-4270-BDAD-D258319D0F6C}.Debug|x64.ActiveCfg = Debug|Any CPU
		{DFC6674E-498C-4270-BDAD-D258319D0F6C}.Debug|x64.Build.0 = Debug|Any CPU
		{DFC6674E-498C-4270-BDAD-D258319D0F6C}.Debug|x86.ActiveCfg = Debug|Any CPU
		{DFC6674E-498C-4270-BDAD-D258319D0F6C}.Debug|x86.Build.0 = Debug|Any CPU
		{DFC6674E-498C-4270-BDAD-D258319D0F6C}.Release|Any CPU.ActiveCfg = Release|Any CPU
		{DFC6674E-498C-4270-BDAD-D258319D0F6C}.Release|Any CPU.Build.0 = Release|Any CPU
		{DFC6674E-498C-4270-BDAD-D258319D0F6C}.Release|x64.ActiveCfg = Release|Any CPU
		{DFC6674E-498C-4270-BDAD-D258319D0F6C}.Release|x64.Build.0 = Release|Any CPU
		{DFC6674E-498C-4270-BDAD-D258319D0F6C}.Release|x86.ActiveCfg = Release|Any CPU
		{DFC6674E-498C-4270-BDAD-D258319D0F6C}.Release|x86.Build.0 = Release|Any CPU
		{1D270698-2698-42FF-AD7B-9FC4D1062705}.Debug|Any CPU.ActiveCfg = Debug|Any CPU
		{1D270698-2698-42FF-AD7B-9FC4D1062705}.Debug|Any CPU.Build.0 = Debug|Any CPU
		{1D270698-2698-42FF-AD7B-9FC4D1062705}.Debug|x64.ActiveCfg = Debug|Any CPU
		{1D270698-2698-42FF-AD7B-9FC4D1062705}.Debug|x64.Build.0 = Debug|Any CPU
		{1D270698-2698-42FF-AD7B-9FC4D1062705}.Debug|x86.ActiveCfg = Debug|Any CPU
		{1D270698-2698-42FF-AD7B-9FC4D1062705}.Debug|x86.Build.0 = Debug|Any CPU
		{1D270698-2698-42FF-AD7B-9FC4D1062705}.Release|Any CPU.ActiveCfg = Release|Any CPU
		{1D270698-2698-42FF-AD7B-9FC4D1062705}.Release|Any CPU.Build.0 = Release|Any CPU
		{1D270698-2698-42FF-AD7B-9FC4D1062705}.Release|x64.ActiveCfg = Release|Any CPU
		{1D270698-2698-42FF-AD7B-9FC4D1062705}.Release|x64.Build.0 = Release|Any CPU
		{1D270698-2698-42FF-AD7B-9FC4D1062705}.Release|x86.ActiveCfg = Release|Any CPU
		{1D270698-2698-42FF-AD7B-9FC4D1062705}.Release|x86.Build.0 = Release|Any CPU
		{BC373CDF-AEC8-4394-B3B5-77DB7BD8744F}.Debug|Any CPU.ActiveCfg = Debug|Any CPU
		{BC373CDF-AEC8-4394-B3B5-77DB7BD8744F}.Debug|Any CPU.Build.0 = Debug|Any CPU
		{BC373CDF-AEC8-4394-B3B5-77DB7BD8744F}.Debug|x64.ActiveCfg = Debug|Any CPU
		{BC373CDF-AEC8-4394-B3B5-77DB7BD8744F}.Debug|x64.Build.0 = Debug|Any CPU
		{BC373CDF-AEC8-4394-B3B5-77DB7BD8744F}.Debug|x86.ActiveCfg = Debug|Any CPU
		{BC373CDF-AEC8-4394-B3B5-77DB7BD8744F}.Debug|x86.Build.0 = Debug|Any CPU
		{BC373CDF-AEC8-4394-B3B5-77DB7BD8744F}.Release|Any CPU.ActiveCfg = Release|Any CPU
		{BC373CDF-AEC8-4394-B3B5-77DB7BD8744F}.Release|Any CPU.Build.0 = Release|Any CPU
		{BC373CDF-AEC8-4394-B3B5-77DB7BD8744F}.Release|x64.ActiveCfg = Release|Any CPU
		{BC373CDF-AEC8-4394-B3B5-77DB7BD8744F}.Release|x64.Build.0 = Release|Any CPU
		{BC373CDF-AEC8-4394-B3B5-77DB7BD8744F}.Release|x86.ActiveCfg = Release|Any CPU
		{BC373CDF-AEC8-4394-B3B5-77DB7BD8744F}.Release|x86.Build.0 = Release|Any CPU
		{B031E11D-68B1-41E7-8D03-67994CDA9F60}.Debug|Any CPU.ActiveCfg = Debug|Any CPU
		{B031E11D-68B1-41E7-8D03-67994CDA9F60}.Debug|Any CPU.Build.0 = Debug|Any CPU
		{B031E11D-68B1-41E7-8D03-67994CDA9F60}.Debug|x64.ActiveCfg = Debug|Any CPU
		{B031E11D-68B1-41E7-8D03-67994CDA9F60}.Debug|x64.Build.0 = Debug|Any CPU
		{B031E11D-68B1-41E7-8D03-67994CDA9F60}.Debug|x86.ActiveCfg = Debug|Any CPU
		{B031E11D-68B1-41E7-8D03-67994CDA9F60}.Debug|x86.Build.0 = Debug|Any CPU
		{B031E11D-68B1-41E7-8D03-67994CDA9F60}.Release|Any CPU.ActiveCfg = Release|Any CPU
		{B031E11D-68B1-41E7-8D03-67994CDA9F60}.Release|Any CPU.Build.0 = Release|Any CPU
		{B031E11D-68B1-41E7-8D03-67994CDA9F60}.Release|x64.ActiveCfg = Release|Any CPU
		{B031E11D-68B1-41E7-8D03-67994CDA9F60}.Release|x64.Build.0 = Release|Any CPU
		{B031E11D-68B1-41E7-8D03-67994CDA9F60}.Release|x86.ActiveCfg = Release|Any CPU
		{B031E11D-68B1-41E7-8D03-67994CDA9F60}.Release|x86.Build.0 = Release|Any CPU
		{F3DA4AD4-888C-43FD-B505-8244B2D02836}.Debug|Any CPU.ActiveCfg = Debug|Any CPU
		{F3DA4AD4-888C-43FD-B505-8244B2D02836}.Debug|Any CPU.Build.0 = Debug|Any CPU
		{F3DA4AD4-888C-43FD-B505-8244B2D02836}.Debug|x64.ActiveCfg = Debug|Any CPU
		{F3DA4AD4-888C-43FD-B505-8244B2D02836}.Debug|x64.Build.0 = Debug|Any CPU
		{F3DA4AD4-888C-43FD-B505-8244B2D02836}.Debug|x86.ActiveCfg = Debug|Any CPU
		{F3DA4AD4-888C-43FD-B505-8244B2D02836}.Debug|x86.Build.0 = Debug|Any CPU
		{F3DA4AD4-888C-43FD-B505-8244B2D02836}.Release|Any CPU.ActiveCfg = Release|Any CPU
		{F3DA4AD4-888C-43FD-B505-8244B2D02836}.Release|Any CPU.Build.0 = Release|Any CPU
		{F3DA4AD4-888C-43FD-B505-8244B2D02836}.Release|x64.ActiveCfg = Release|Any CPU
		{F3DA4AD4-888C-43FD-B505-8244B2D02836}.Release|x64.Build.0 = Release|Any CPU
		{F3DA4AD4-888C-43FD-B505-8244B2D02836}.Release|x86.ActiveCfg = Release|Any CPU
		{F3DA4AD4-888C-43FD-B505-8244B2D02836}.Release|x86.Build.0 = Release|Any CPU
		{32D21504-AA43-9D44-2313-78A15133DB24}.Debug|Any CPU.ActiveCfg = Debug|Any CPU
		{32D21504-AA43-9D44-2313-78A15133DB24}.Debug|Any CPU.Build.0 = Debug|Any CPU
		{32D21504-AA43-9D44-2313-78A15133DB24}.Debug|x64.ActiveCfg = Debug|Any CPU
		{32D21504-AA43-9D44-2313-78A15133DB24}.Debug|x64.Build.0 = Debug|Any CPU
		{32D21504-AA43-9D44-2313-78A15133DB24}.Debug|x86.ActiveCfg = Debug|Any CPU
		{32D21504-AA43-9D44-2313-78A15133DB24}.Debug|x86.Build.0 = Debug|Any CPU
		{32D21504-AA43-9D44-2313-78A15133DB24}.Release|Any CPU.ActiveCfg = Release|Any CPU
		{32D21504-AA43-9D44-2313-78A15133DB24}.Release|Any CPU.Build.0 = Release|Any CPU
		{32D21504-AA43-9D44-2313-78A15133DB24}.Release|x64.ActiveCfg = Release|Any CPU
		{32D21504-AA43-9D44-2313-78A15133DB24}.Release|x64.Build.0 = Release|Any CPU
		{32D21504-AA43-9D44-2313-78A15133DB24}.Release|x86.ActiveCfg = Release|Any CPU
		{32D21504-AA43-9D44-2313-78A15133DB24}.Release|x86.Build.0 = Release|Any CPU
	EndGlobalSection
	GlobalSection(SolutionProperties) = preSolution
		HideSolutionNode = FALSE
	EndGlobalSection
	GlobalSection(ExtensibilityGlobals) = postSolution
		SolutionGuid = {D07CFB81-F64B-4440-85A4-AC8A0EFB0A03}
	EndGlobalSection
EndGlobal
